
Microsoft Visual Studio Solution File, Format Version 12.00
# Visual Studio Version 17
VisualStudioVersion = 17.4.33122.133
MinimumVisualStudioVersion = 10.0.40219.1
Project("{888888A0-9F3D-457C-B088-3A5042F75D52}") = "prconsole game", "prconsole game\prconsole game.pyproj", "{D86F7281-2442-4B90-8627-62D52A2E71C3}"
EndProject
Global
	GlobalSection(SolutionConfigurationPlatforms) = preSolution
		Debug|Any CPU = Debug|Any CPU
		Release|Any CPU = Release|Any CPU
	EndGlobalSection
	GlobalSection(ProjectConfigurationPlatforms) = postSolution
		{D86F7281-2442-4B90-8627-62D52A2E71C3}.Debug|Any CPU.ActiveCfg = Debug|Any CPU
		{D86F7281-2442-4B90-8627-62D52A2E71C3}.Release|Any CPU.ActiveCfg = Release|Any CPU
	EndGlobalSection
	GlobalSection(SolutionProperties) = preSolution
		HideSolutionNode = FALSE
	EndGlobalSection
	GlobalSection(ExtensibilityGlobals) = postSolution
		SolutionGuid = {28576CF8-1406-4BCD-A01D-188A127126D0}
	EndGlobalSection
EndGlobal
